
Microsoft Visual Studio Solution File, Format Version 12.00
# Visual Studio 15
VisualStudioVersion = 15.0.27004.2006
MinimumVisualStudioVersion = 10.0.40219.1
Project("{FAE04EC0-301F-11D3-BF4B-00C04F79EFBC}") = "CarDealership", "CarDealership\CarDealership.csproj", "{30B1DD9A-24E5-479B-8B66-89E6FB672806}"
EndProject
Project("{FAE04EC0-301F-11D3-BF4B-00C04F79EFBC}") = "DataLayer", "DataLayer\DataLayer.csproj", "{8CC5B23F-0A58-4A72-BA7A-02F9A480F472}"
EndProject
Project("{FAE04EC0-301F-11D3-BF4B-00C04F79EFBC}") = "BusinessLayer", "BusinessLayer\BusinessLayer.csproj", "{1F21BCBB-89C2-4986-89DE-CC5439AB08DE}"
EndProject
Global
	GlobalSection(SolutionConfigurationPlatforms) = preSolution
		Debug|Any CPU = Debug|Any CPU
		Release|Any CPU = Release|Any CPU
	EndGlobalSection
	GlobalSection(ProjectConfigurationPlatforms) = postSolution
		{30B1DD9A-24E5-479B-8B66-89E6FB672806}.Debug|Any CPU.ActiveCfg = Debug|Any CPU
		{30B1DD9A-24E5-479B-8B66-89E6FB672806}.Debug|Any CPU.Build.0 = Debug|Any CPU
		{30B1DD9A-24E5-479B-8B66-89E6FB672806}.Release|Any CPU.ActiveCfg = Release|Any CPU
		{30B1DD9A-24E5-479B-8B66-89E6FB672806}.Release|Any CPU.Build.0 = Release|Any CPU
		{8CC5B23F-0A58-4A72-BA7A-02F9A480F472}.Debug|Any CPU.ActiveCfg = Debug|Any CPU
		{8CC5B23F-0A58-4A72-BA7A-02F9A480F472}.Debug|Any CPU.Build.0 = Debug|Any CPU
		{8CC5B23F-0A58-4A72-BA7A-02F9A480F472}.Release|Any CPU.ActiveCfg = Release|Any CPU
		{8CC5B23F-0A58-4A72-BA7A-02F9A480F472}.Release|Any CPU.Build.0 = Release|Any CPU
		{1F21BCBB-89C2-4986-89DE-CC5439AB08DE}.Debug|Any CPU.ActiveCfg = Debug|Any CPU
		{1F21BCBB-89C2-4986-89DE-CC5439AB08DE}.Debug|Any CPU.Build.0 = Debug|Any CPU
		{1F21BCBB-89C2-4986-89DE-CC5439AB08DE}.Release|Any CPU.ActiveCfg = Release|Any CPU
		{1F21BCBB-89C2-4986-89DE-CC5439AB08DE}.Release|Any CPU.Build.0 = Release|Any CPU
	EndGlobalSection
	GlobalSection(SolutionProperties) = preSolution
		HideSolutionNode = FALSE
	EndGlobalSection
	GlobalSection(ExtensibilityGlobals) = postSolution
		SolutionGuid = {81296539-5D56-457D-892F-DF1A67BFDE8C}
	EndGlobalSection
EndGlobal
